// !$*UTF8*$!
{
	archiveVersion = 1;
	classes = {
	};
	objectVersion = 50;
	objects = {

/* Begin PBXBuildFile section */
		1E023698221E1A910060983A /* FormViewController.swift in Headers */ = {isa = PBXBuildFile; fileRef = 1E88AE352213660F008EC4C9 /* FormViewController.swift */; settings = {ATTRIBUTES = (Public, ); }; };
		1E023699221E1AB80060983A /* InputAccessoryView.swift in Headers */ = {isa = PBXBuildFile; fileRef = 1E88AE4922136611008EC4C9 /* InputAccessoryView.swift */; settings = {ATTRIBUTES = (Public, ); }; };
		1E02369A221E1D740060983A /* TextField.swift in Headers */ = {isa = PBXBuildFile; fileRef = 1E88AE4222136610008EC4C9 /* TextField.swift */; settings = {ATTRIBUTES = (Public, ); }; };
		1E02369B221E1D740060983A /* PhoneNumberTextField.swift in Headers */ = {isa = PBXBuildFile; fileRef = 1E88AE2A2213660F008EC4C9 /* PhoneNumberTextField.swift */; settings = {ATTRIBUTES = (Public, ); }; };
		1E02369C221E1D740060983A /* CreditCardTextField.swift in Headers */ = {isa = PBXBuildFile; fileRef = 1E88AE272213660F008EC4C9 /* CreditCardTextField.swift */; settings = {ATTRIBUTES = (Public, ); }; };
		1E02369D221E1DA40060983A /* BusyButton.swift in Headers */ = {isa = PBXBuildFile; fileRef = 1E88AE4422136610008EC4C9 /* BusyButton.swift */; settings = {ATTRIBUTES = (Public, ); }; };
		1E02369E221E1DAD0060983A /* NibLoadedView.swift in Headers */ = {isa = PBXBuildFile; fileRef = 1E88AE3E22136610008EC4C9 /* NibLoadedView.swift */; settings = {ATTRIBUTES = (Public, ); }; };
		1E02369F221E1DB60060983A /* CountingLabel.swift in Headers */ = {isa = PBXBuildFile; fileRef = 1E88AE332213660F008EC4C9 /* CountingLabel.swift */; settings = {ATTRIBUTES = (Public, ); }; };
		1E0236A0221E1DD40060983A /* PlayerView.swift in Headers */ = {isa = PBXBuildFile; fileRef = 1E0D8A8E221CA1F70065B179 /* PlayerView.swift */; settings = {ATTRIBUTES = (Public, ); }; };
		1E0236A1221E1DD40060983A /* AutoCompleteView.swift in Headers */ = {isa = PBXBuildFile; fileRef = 1E88AE382213660F008EC4C9 /* AutoCompleteView.swift */; settings = {ATTRIBUTES = (Public, ); }; };
		1E0236A2221E1DD40060983A /* AccordionView.swift in Headers */ = {isa = PBXBuildFile; fileRef = 1E88AE312213660F008EC4C9 /* AccordionView.swift */; settings = {ATTRIBUTES = (Public, ); }; };
		1E0236A3221E1DD40060983A /* GradientView.swift in Headers */ = {isa = PBXBuildFile; fileRef = 1E88AE242213660F008EC4C9 /* GradientView.swift */; settings = {ATTRIBUTES = (Public, ); }; };
		1E0236A4221E1DD40060983A /* ListInputView.swift in Headers */ = {isa = PBXBuildFile; fileRef = 1E88AE4622136610008EC4C9 /* ListInputView.swift */; settings = {ATTRIBUTES = (Public, ); }; };
		1E0236A5221E1DD40060983A /* MonthYearInputView.swift in Headers */ = {isa = PBXBuildFile; fileRef = 1E88AE362213660F008EC4C9 /* MonthYearInputView.swift */; settings = {ATTRIBUTES = (Public, ); }; };
		1E0236A6221E1DD40060983A /* Toast.swift in Headers */ = {isa = PBXBuildFile; fileRef = 1E88AE2E2213660F008EC4C9 /* Toast.swift */; settings = {ATTRIBUTES = (Public, ); }; };
		1E0236A7221E227F0060983A /* UIViewController+Extension.swift in Headers */ = {isa = PBXBuildFile; fileRef = 1E88AE8C22136721008EC4C9 /* UIViewController+Extension.swift */; settings = {ATTRIBUTES = (Public, ); }; };
		1E0D8A45221B12090065B179 /* Button.swift in Headers */ = {isa = PBXBuildFile; fileRef = 1E88AE2D2213660F008EC4C9 /* Button.swift */; settings = {ATTRIBUTES = (Public, ); }; };
		1E0D8A7D221C7FE10065B179 /* SemiModalAnimator.swift in Sources */ = {isa = PBXBuildFile; fileRef = 1E0D8A76221C7FE00065B179 /* SemiModalAnimator.swift */; };
		1E0D8A7E221C7FE10065B179 /* ScaleInOutAnimator.swift in Sources */ = {isa = PBXBuildFile; fileRef = 1E0D8A77221C7FE10065B179 /* ScaleInOutAnimator.swift */; };
		1E0D8A7F221C7FE10065B179 /* FadeInOutAnimator.swift in Sources */ = {isa = PBXBuildFile; fileRef = 1E0D8A78221C7FE10065B179 /* FadeInOutAnimator.swift */; };
		1E0D8A81221C7FE10065B179 /* TransitionRightLeftAnimator.swift in Sources */ = {isa = PBXBuildFile; fileRef = 1E0D8A7A221C7FE10065B179 /* TransitionRightLeftAnimator.swift */; };
		1E0D8A82221C7FE10065B179 /* SlideInFromBottomAnimator.swift in Sources */ = {isa = PBXBuildFile; fileRef = 1E0D8A7B221C7FE10065B179 /* SlideInFromBottomAnimator.swift */; };
		1E0D8A85221C8E4E0065B179 /* SemiModalPresentationController.swift in Sources */ = {isa = PBXBuildFile; fileRef = 1E0D8A84221C8E4E0065B179 /* SemiModalPresentationController.swift */; };
		1E0D8A88221C92920065B179 /* Animator.swift in Sources */ = {isa = PBXBuildFile; fileRef = 1E0D8A87221C92920065B179 /* Animator.swift */; };
		1E0D8A8F221CA1F70065B179 /* PlayerView.swift in Sources */ = {isa = PBXBuildFile; fileRef = 1E0D8A8E221CA1F70065B179 /* PlayerView.swift */; };
		1E0D8A95221F232C0065B179 /* UIImageView+Extension.swift in Headers */ = {isa = PBXBuildFile; fileRef = 1E88AE8622136720008EC4C9 /* UIImageView+Extension.swift */; settings = {ATTRIBUTES = (Public, ); }; };
		1E88AE21221365FF008EC4C9 /* Perform.swift in Sources */ = {isa = PBXBuildFile; fileRef = 1E88AE1E221365FF008EC4C9 /* Perform.swift */; };
		1E88AE22221365FF008EC4C9 /* Segue.swift in Sources */ = {isa = PBXBuildFile; fileRef = 1E88AE1F221365FF008EC4C9 /* Segue.swift */; };
		1E88AE23221365FF008EC4C9 /* Identifier.swift in Sources */ = {isa = PBXBuildFile; fileRef = 1E88AE20221365FF008EC4C9 /* Identifier.swift */; };
		1E88AE4A22136611008EC4C9 /* GradientView.swift in Sources */ = {isa = PBXBuildFile; fileRef = 1E88AE242213660F008EC4C9 /* GradientView.swift */; };
		1E88AE4C22136611008EC4C9 /* InputAccessoryView.xib in Resources */ = {isa = PBXBuildFile; fileRef = 1E88AE262213660F008EC4C9 /* InputAccessoryView.xib */; };
		1E88AE4D22136611008EC4C9 /* CreditCardTextField.swift in Sources */ = {isa = PBXBuildFile; fileRef = 1E88AE272213660F008EC4C9 /* CreditCardTextField.swift */; };
		1E88AE4E22136611008EC4C9 /* SearchController.swift in Sources */ = {isa = PBXBuildFile; fileRef = 1E88AE282213660F008EC4C9 /* SearchController.swift */; };
		1E88AE5022136611008EC4C9 /* PhoneNumberTextField.swift in Sources */ = {isa = PBXBuildFile; fileRef = 1E88AE2A2213660F008EC4C9 /* PhoneNumberTextField.swift */; };
		1E88AE5222136611008EC4C9 /* ResourceUtils.swift in Sources */ = {isa = PBXBuildFile; fileRef = 1E88AE2C2213660F008EC4C9 /* ResourceUtils.swift */; };
		1E88AE5322136611008EC4C9 /* Button.swift in Sources */ = {isa = PBXBuildFile; fileRef = 1E88AE2D2213660F008EC4C9 /* Button.swift */; };
		1E88AE5422136611008EC4C9 /* Toast.swift in Sources */ = {isa = PBXBuildFile; fileRef = 1E88AE2E2213660F008EC4C9 /* Toast.swift */; };
		1E88AE5522136611008EC4C9 /* creditcard.xcassets in Resources */ = {isa = PBXBuildFile; fileRef = 1E88AE2F2213660F008EC4C9 /* creditcard.xcassets */; };
		1E88AE5722136611008EC4C9 /* AccordionView.swift in Sources */ = {isa = PBXBuildFile; fileRef = 1E88AE312213660F008EC4C9 /* AccordionView.swift */; };
		1E88AE5922136611008EC4C9 /* CountingLabel.swift in Sources */ = {isa = PBXBuildFile; fileRef = 1E88AE332213660F008EC4C9 /* CountingLabel.swift */; };
		1E88AE5A22136611008EC4C9 /* CreditCardFormatter.swift in Sources */ = {isa = PBXBuildFile; fileRef = 1E88AE342213660F008EC4C9 /* CreditCardFormatter.swift */; };
		1E88AE5B22136611008EC4C9 /* FormViewController.swift in Sources */ = {isa = PBXBuildFile; fileRef = 1E88AE352213660F008EC4C9 /* FormViewController.swift */; };
		1E88AE5C22136611008EC4C9 /* MonthYearInputView.swift in Sources */ = {isa = PBXBuildFile; fileRef = 1E88AE362213660F008EC4C9 /* MonthYearInputView.swift */; };
		1E88AE5E22136611008EC4C9 /* AutoCompleteView.swift in Sources */ = {isa = PBXBuildFile; fileRef = 1E88AE382213660F008EC4C9 /* AutoCompleteView.swift */; };
		1E88AE5F22136611008EC4C9 /* inputaccessoryview.xcassets in Resources */ = {isa = PBXBuildFile; fileRef = 1E88AE392213660F008EC4C9 /* inputaccessoryview.xcassets */; };
		1E88AE6022136611008EC4C9 /* Disk.swift in Sources */ = {isa = PBXBuildFile; fileRef = 1E88AE3A2213660F008EC4C9 /* Disk.swift */; };
		1E88AE6422136611008EC4C9 /* NibLoadedView.swift in Sources */ = {isa = PBXBuildFile; fileRef = 1E88AE3E22136610008EC4C9 /* NibLoadedView.swift */; };
		1E88AE6822136611008EC4C9 /* TextField.swift in Sources */ = {isa = PBXBuildFile; fileRef = 1E88AE4222136610008EC4C9 /* TextField.swift */; };
		1E88AE6A22136611008EC4C9 /* BusyButton.swift in Sources */ = {isa = PBXBuildFile; fileRef = 1E88AE4422136610008EC4C9 /* BusyButton.swift */; };
		1E88AE6B22136611008EC4C9 /* SearchResultsController.swift in Sources */ = {isa = PBXBuildFile; fileRef = 1E88AE4522136610008EC4C9 /* SearchResultsController.swift */; };
		1E88AE6C22136611008EC4C9 /* ListInputView.swift in Sources */ = {isa = PBXBuildFile; fileRef = 1E88AE4622136610008EC4C9 /* ListInputView.swift */; };
		1E88AE6D22136611008EC4C9 /* Disk+Image.swift in Sources */ = {isa = PBXBuildFile; fileRef = 1E88AE4722136610008EC4C9 /* Disk+Image.swift */; };
		1E88AE6F22136611008EC4C9 /* InputAccessoryView.swift in Sources */ = {isa = PBXBuildFile; fileRef = 1E88AE4922136611008EC4C9 /* InputAccessoryView.swift */; };
		1E88AE8D22136721008EC4C9 /* UIImage+Extension.swift in Sources */ = {isa = PBXBuildFile; fileRef = 1E88AE7C22136720008EC4C9 /* UIImage+Extension.swift */; };
		1E88AE8E22136721008EC4C9 /* UIViewController+Present.swift in Sources */ = {isa = PBXBuildFile; fileRef = 1E88AE7D22136720008EC4C9 /* UIViewController+Present.swift */; };
		1E88AE8F22136721008EC4C9 /* UIViewController+Alert.swift in Sources */ = {isa = PBXBuildFile; fileRef = 1E88AE7E22136720008EC4C9 /* UIViewController+Alert.swift */; };
		1E88AE9022136721008EC4C9 /* UIView+Extension.swift in Sources */ = {isa = PBXBuildFile; fileRef = 1E88AE7F22136720008EC4C9 /* UIView+Extension.swift */; };
		1E88AE9122136721008EC4C9 /* UIFont+Custom.swift in Sources */ = {isa = PBXBuildFile; fileRef = 1E88AE8022136720008EC4C9 /* UIFont+Custom.swift */; };
		1E88AE9222136721008EC4C9 /* UIColor+Extension.swift in Sources */ = {isa = PBXBuildFile; fileRef = 1E88AE8122136720008EC4C9 /* UIColor+Extension.swift */; };
		1E88AE9322136721008EC4C9 /* UICollectionView+Extension.swift in Sources */ = {isa = PBXBuildFile; fileRef = 1E88AE8222136720008EC4C9 /* UICollectionView+Extension.swift */; };
		1E88AE9422136721008EC4C9 /* UIScrollView+Extension.swift in Sources */ = {isa = PBXBuildFile; fileRef = 1E88AE8322136720008EC4C9 /* UIScrollView+Extension.swift */; };
		1E88AE9522136721008EC4C9 /* UINavigationController+Extension.swift in Sources */ = {isa = PBXBuildFile; fileRef = 1E88AE8422136720008EC4C9 /* UINavigationController+Extension.swift */; };
		1E88AE9622136721008EC4C9 /* UIStoryboard+Extension.swift in Sources */ = {isa = PBXBuildFile; fileRef = 1E88AE8522136720008EC4C9 /* UIStoryboard+Extension.swift */; };
		1E88AE9722136721008EC4C9 /* UIImageView+Extension.swift in Sources */ = {isa = PBXBuildFile; fileRef = 1E88AE8622136720008EC4C9 /* UIImageView+Extension.swift */; };
		1E88AE9822136721008EC4C9 /* UITableView+Extension.swift in Sources */ = {isa = PBXBuildFile; fileRef = 1E88AE8722136720008EC4C9 /* UITableView+Extension.swift */; };
		1E88AE9922136721008EC4C9 /* UIButton+Extension.swift in Sources */ = {isa = PBXBuildFile; fileRef = 1E88AE8822136720008EC4C9 /* UIButton+Extension.swift */; };
		1E88AE9A22136721008EC4C9 /* UIEdgeInsets+Extension.swift in Sources */ = {isa = PBXBuildFile; fileRef = 1E88AE8922136720008EC4C9 /* UIEdgeInsets+Extension.swift */; };
		1E88AE9B22136721008EC4C9 /* UIView+AutoLayout.swift in Sources */ = {isa = PBXBuildFile; fileRef = 1E88AE8A22136720008EC4C9 /* UIView+AutoLayout.swift */; };
		1E88AE9C22136721008EC4C9 /* UITextField+Extension.swift in Sources */ = {isa = PBXBuildFile; fileRef = 1E88AE8B22136721008EC4C9 /* UITextField+Extension.swift */; };
		1E88AE9D22136721008EC4C9 /* UIViewController+Extension.swift in Sources */ = {isa = PBXBuildFile; fileRef = 1E88AE8C22136721008EC4C9 /* UIViewController+Extension.swift */; };
		1E88AE9F22136843008EC4C9 /* NSAttributedString+Extension.swift in Sources */ = {isa = PBXBuildFile; fileRef = 1E88AE9E22136843008EC4C9 /* NSAttributedString+Extension.swift */; };
		1E88AEA3221369C5008EC4C9 /* DataSource.framework in Frameworks */ = {isa = PBXBuildFile; fileRef = 1E88AEA1221369C5008EC4C9 /* DataSource.framework */; };
		1E88AEA4221369C5008EC4C9 /* PromiseKit.framework in Frameworks */ = {isa = PBXBuildFile; fileRef = 1E88AEA2221369C5008EC4C9 /* PromiseKit.framework */; };
		1E88AEA622136B97008EC4C9 /* PhoneNumberKit.framework in Frameworks */ = {isa = PBXBuildFile; fileRef = 1E88AEA522136B97008EC4C9 /* PhoneNumberKit.framework */; };
		1EA40CF1221B0F3800550914 /* UIView+Extension.swift in Headers */ = {isa = PBXBuildFile; fileRef = 1E88AE7F22136720008EC4C9 /* UIView+Extension.swift */; settings = {ATTRIBUTES = (Public, ); }; };
		1EA8ABAC22138EDC007ECF6E /* SwiftAdditions.framework in Frameworks */ = {isa = PBXBuildFile; fileRef = 1EA8ABAB22138EDC007ECF6E /* SwiftAdditions.framework */; };
		1EA8ABC222138FDE007ECF6E /* KeyboardManager.swift in Sources */ = {isa = PBXBuildFile; fileRef = 1EA8ABAE22138FDE007ECF6E /* KeyboardManager.swift */; };
		1EA8ABC422138FDE007ECF6E /* AppInfo.swift in Sources */ = {isa = PBXBuildFile; fileRef = 1EA8ABB022138FDE007ECF6E /* AppInfo.swift */; };
		1EA8ABD92213BA67007ECF6E /* SwiftDate.framework in Frameworks */ = {isa = PBXBuildFile; fileRef = 1EA8ABD82213BA67007ECF6E /* SwiftDate.framework */; };
		1EA8ABDB2213BAEF007ECF6E /* DateFormats.swift in Sources */ = {isa = PBXBuildFile; fileRef = 1EA8ABDA2213BAEF007ECF6E /* DateFormats.swift */; };
		1EE63A11220D007F00E93E88 /* UIKitAdditions.h in Headers */ = {isa = PBXBuildFile; fileRef = 1EE63A03220D007F00E93E88 /* UIKitAdditions.h */; settings = {ATTRIBUTES = (Public, ); }; };
/* End PBXBuildFile section */

/* Begin PBXFileReference section */
		1E0D8A76221C7FE00065B179 /* SemiModalAnimator.swift */ = {isa = PBXFileReference; fileEncoding = 4; lastKnownFileType = sourcecode.swift; path = SemiModalAnimator.swift; sourceTree = "<group>"; };
		1E0D8A77221C7FE10065B179 /* ScaleInOutAnimator.swift */ = {isa = PBXFileReference; fileEncoding = 4; lastKnownFileType = sourcecode.swift; path = ScaleInOutAnimator.swift; sourceTree = "<group>"; };
		1E0D8A78221C7FE10065B179 /* FadeInOutAnimator.swift */ = {isa = PBXFileReference; fileEncoding = 4; lastKnownFileType = sourcecode.swift; path = FadeInOutAnimator.swift; sourceTree = "<group>"; };
		1E0D8A7A221C7FE10065B179 /* TransitionRightLeftAnimator.swift */ = {isa = PBXFileReference; fileEncoding = 4; lastKnownFileType = sourcecode.swift; path = TransitionRightLeftAnimator.swift; sourceTree = "<group>"; };
		1E0D8A7B221C7FE10065B179 /* SlideInFromBottomAnimator.swift */ = {isa = PBXFileReference; fileEncoding = 4; lastKnownFileType = sourcecode.swift; path = SlideInFromBottomAnimator.swift; sourceTree = "<group>"; };
		1E0D8A84221C8E4E0065B179 /* SemiModalPresentationController.swift */ = {isa = PBXFileReference; fileEncoding = 4; lastKnownFileType = sourcecode.swift; path = SemiModalPresentationController.swift; sourceTree = "<group>"; };
		1E0D8A87221C92920065B179 /* Animator.swift */ = {isa = PBXFileReference; lastKnownFileType = sourcecode.swift; path = Animator.swift; sourceTree = "<group>"; };
		1E0D8A8E221CA1F70065B179 /* PlayerView.swift */ = {isa = PBXFileReference; fileEncoding = 4; lastKnownFileType = sourcecode.swift; path = PlayerView.swift; sourceTree = "<group>"; };
		1E88AE1E221365FF008EC4C9 /* Perform.swift */ = {isa = PBXFileReference; fileEncoding = 4; lastKnownFileType = sourcecode.swift; path = Perform.swift; sourceTree = "<group>"; };
		1E88AE1F221365FF008EC4C9 /* Segue.swift */ = {isa = PBXFileReference; fileEncoding = 4; lastKnownFileType = sourcecode.swift; path = Segue.swift; sourceTree = "<group>"; };
		1E88AE20221365FF008EC4C9 /* Identifier.swift */ = {isa = PBXFileReference; fileEncoding = 4; lastKnownFileType = sourcecode.swift; path = Identifier.swift; sourceTree = "<group>"; };
		1E88AE242213660F008EC4C9 /* GradientView.swift */ = {isa = PBXFileReference; fileEncoding = 4; lastKnownFileType = sourcecode.swift; path = GradientView.swift; sourceTree = "<group>"; };
		1E88AE262213660F008EC4C9 /* InputAccessoryView.xib */ = {isa = PBXFileReference; fileEncoding = 4; lastKnownFileType = file.xib; path = InputAccessoryView.xib; sourceTree = "<group>"; };
		1E88AE272213660F008EC4C9 /* CreditCardTextField.swift */ = {isa = PBXFileReference; fileEncoding = 4; lastKnownFileType = sourcecode.swift; path = CreditCardTextField.swift; sourceTree = "<group>"; };
		1E88AE282213660F008EC4C9 /* SearchController.swift */ = {isa = PBXFileReference; fileEncoding = 4; lastKnownFileType = sourcecode.swift; path = SearchController.swift; sourceTree = "<group>"; };
		1E88AE2A2213660F008EC4C9 /* PhoneNumberTextField.swift */ = {isa = PBXFileReference; fileEncoding = 4; lastKnownFileType = sourcecode.swift; path = PhoneNumberTextField.swift; sourceTree = "<group>"; };
		1E88AE2C2213660F008EC4C9 /* ResourceUtils.swift */ = {isa = PBXFileReference; fileEncoding = 4; lastKnownFileType = sourcecode.swift; path = ResourceUtils.swift; sourceTree = "<group>"; };
		1E88AE2D2213660F008EC4C9 /* Button.swift */ = {isa = PBXFileReference; fileEncoding = 4; lastKnownFileType = sourcecode.swift; path = Button.swift; sourceTree = "<group>"; };
		1E88AE2E2213660F008EC4C9 /* Toast.swift */ = {isa = PBXFileReference; fileEncoding = 4; lastKnownFileType = sourcecode.swift; path = Toast.swift; sourceTree = "<group>"; };
		1E88AE2F2213660F008EC4C9 /* creditcard.xcassets */ = {isa = PBXFileReference; lastKnownFileType = folder.assetcatalog; path = creditcard.xcassets; sourceTree = "<group>"; };
		1E88AE312213660F008EC4C9 /* AccordionView.swift */ = {isa = PBXFileReference; fileEncoding = 4; lastKnownFileType = sourcecode.swift; path = AccordionView.swift; sourceTree = "<group>"; };
		1E88AE332213660F008EC4C9 /* CountingLabel.swift */ = {isa = PBXFileReference; fileEncoding = 4; lastKnownFileType = sourcecode.swift; path = CountingLabel.swift; sourceTree = "<group>"; };
		1E88AE342213660F008EC4C9 /* CreditCardFormatter.swift */ = {isa = PBXFileReference; fileEncoding = 4; lastKnownFileType = sourcecode.swift; path = CreditCardFormatter.swift; sourceTree = "<group>"; };
		1E88AE352213660F008EC4C9 /* FormViewController.swift */ = {isa = PBXFileReference; fileEncoding = 4; lastKnownFileType = sourcecode.swift; path = FormViewController.swift; sourceTree = "<group>"; };
		1E88AE362213660F008EC4C9 /* MonthYearInputView.swift */ = {isa = PBXFileReference; fileEncoding = 4; lastKnownFileType = sourcecode.swift; path = MonthYearInputView.swift; sourceTree = "<group>"; };
		1E88AE382213660F008EC4C9 /* AutoCompleteView.swift */ = {isa = PBXFileReference; fileEncoding = 4; lastKnownFileType = sourcecode.swift; path = AutoCompleteView.swift; sourceTree = "<group>"; };
		1E88AE392213660F008EC4C9 /* inputaccessoryview.xcassets */ = {isa = PBXFileReference; lastKnownFileType = folder.assetcatalog; path = inputaccessoryview.xcassets; sourceTree = "<group>"; };
		1E88AE3A2213660F008EC4C9 /* Disk.swift */ = {isa = PBXFileReference; fileEncoding = 4; lastKnownFileType = sourcecode.swift; path = Disk.swift; sourceTree = "<group>"; };
		1E88AE3E22136610008EC4C9 /* NibLoadedView.swift */ = {isa = PBXFileReference; fileEncoding = 4; lastKnownFileType = sourcecode.swift; path = NibLoadedView.swift; sourceTree = "<group>"; };
		1E88AE4222136610008EC4C9 /* TextField.swift */ = {isa = PBXFileReference; fileEncoding = 4; lastKnownFileType = sourcecode.swift; path = TextField.swift; sourceTree = "<group>"; };
		1E88AE4422136610008EC4C9 /* BusyButton.swift */ = {isa = PBXFileReference; fileEncoding = 4; lastKnownFileType = sourcecode.swift; path = BusyButton.swift; sourceTree = "<group>"; };
		1E88AE4522136610008EC4C9 /* SearchResultsController.swift */ = {isa = PBXFileReference; fileEncoding = 4; lastKnownFileType = sourcecode.swift; path = SearchResultsController.swift; sourceTree = "<group>"; };
		1E88AE4622136610008EC4C9 /* ListInputView.swift */ = {isa = PBXFileReference; fileEncoding = 4; lastKnownFileType = sourcecode.swift; path = ListInputView.swift; sourceTree = "<group>"; };
		1E88AE4722136610008EC4C9 /* Disk+Image.swift */ = {isa = PBXFileReference; fileEncoding = 4; lastKnownFileType = sourcecode.swift; path = "Disk+Image.swift"; sourceTree = "<group>"; };
		1E88AE4922136611008EC4C9 /* InputAccessoryView.swift */ = {isa = PBXFileReference; fileEncoding = 4; lastKnownFileType = sourcecode.swift; path = InputAccessoryView.swift; sourceTree = "<group>"; };
		1E88AE7C22136720008EC4C9 /* UIImage+Extension.swift */ = {isa = PBXFileReference; fileEncoding = 4; lastKnownFileType = sourcecode.swift; path = "UIImage+Extension.swift"; sourceTree = "<group>"; };
		1E88AE7D22136720008EC4C9 /* UIViewController+Present.swift */ = {isa = PBXFileReference; fileEncoding = 4; lastKnownFileType = sourcecode.swift; path = "UIViewController+Present.swift"; sourceTree = "<group>"; };
		1E88AE7E22136720008EC4C9 /* UIViewController+Alert.swift */ = {isa = PBXFileReference; fileEncoding = 4; lastKnownFileType = sourcecode.swift; path = "UIViewController+Alert.swift"; sourceTree = "<group>"; };
		1E88AE7F22136720008EC4C9 /* UIView+Extension.swift */ = {isa = PBXFileReference; fileEncoding = 4; lastKnownFileType = sourcecode.swift; path = "UIView+Extension.swift"; sourceTree = "<group>"; };
		1E88AE8022136720008EC4C9 /* UIFont+Custom.swift */ = {isa = PBXFileReference; fileEncoding = 4; lastKnownFileType = sourcecode.swift; path = "UIFont+Custom.swift"; sourceTree = "<group>"; };
		1E88AE8122136720008EC4C9 /* UIColor+Extension.swift */ = {isa = PBXFileReference; fileEncoding = 4; lastKnownFileType = sourcecode.swift; path = "UIColor+Extension.swift"; sourceTree = "<group>"; };
		1E88AE8222136720008EC4C9 /* UICollectionView+Extension.swift */ = {isa = PBXFileReference; fileEncoding = 4; lastKnownFileType = sourcecode.swift; path = "UICollectionView+Extension.swift"; sourceTree = "<group>"; };
		1E88AE8322136720008EC4C9 /* UIScrollView+Extension.swift */ = {isa = PBXFileReference; fileEncoding = 4; lastKnownFileType = sourcecode.swift; path = "UIScrollView+Extension.swift"; sourceTree = "<group>"; };
		1E88AE8422136720008EC4C9 /* UINavigationController+Extension.swift */ = {isa = PBXFileReference; fileEncoding = 4; lastKnownFileType = sourcecode.swift; path = "UINavigationController+Extension.swift"; sourceTree = "<group>"; };
		1E88AE8522136720008EC4C9 /* UIStoryboard+Extension.swift */ = {isa = PBXFileReference; fileEncoding = 4; lastKnownFileType = sourcecode.swift; path = "UIStoryboard+Extension.swift"; sourceTree = "<group>"; };
		1E88AE8622136720008EC4C9 /* UIImageView+Extension.swift */ = {isa = PBXFileReference; fileEncoding = 4; lastKnownFileType = sourcecode.swift; path = "UIImageView+Extension.swift"; sourceTree = "<group>"; };
		1E88AE8722136720008EC4C9 /* UITableView+Extension.swift */ = {isa = PBXFileReference; fileEncoding = 4; lastKnownFileType = sourcecode.swift; path = "UITableView+Extension.swift"; sourceTree = "<group>"; };
		1E88AE8822136720008EC4C9 /* UIButton+Extension.swift */ = {isa = PBXFileReference; fileEncoding = 4; lastKnownFileType = sourcecode.swift; path = "UIButton+Extension.swift"; sourceTree = "<group>"; };
		1E88AE8922136720008EC4C9 /* UIEdgeInsets+Extension.swift */ = {isa = PBXFileReference; fileEncoding = 4; lastKnownFileType = sourcecode.swift; path = "UIEdgeInsets+Extension.swift"; sourceTree = "<group>"; };
		1E88AE8A22136720008EC4C9 /* UIView+AutoLayout.swift */ = {isa = PBXFileReference; fileEncoding = 4; lastKnownFileType = sourcecode.swift; path = "UIView+AutoLayout.swift"; sourceTree = "<group>"; };
		1E88AE8B22136721008EC4C9 /* UITextField+Extension.swift */ = {isa = PBXFileReference; fileEncoding = 4; lastKnownFileType = sourcecode.swift; path = "UITextField+Extension.swift"; sourceTree = "<group>"; };
		1E88AE8C22136721008EC4C9 /* UIViewController+Extension.swift */ = {isa = PBXFileReference; fileEncoding = 4; lastKnownFileType = sourcecode.swift; path = "UIViewController+Extension.swift"; sourceTree = "<group>"; };
		1E88AE9E22136843008EC4C9 /* NSAttributedString+Extension.swift */ = {isa = PBXFileReference; lastKnownFileType = sourcecode.swift; path = "NSAttributedString+Extension.swift"; sourceTree = "<group>"; };
		1E88AEA1221369C5008EC4C9 /* DataSource.framework */ = {isa = PBXFileReference; lastKnownFileType = wrapper.framework; name = DataSource.framework; path = Carthage/Build/iOS/DataSource.framework; sourceTree = "<group>"; };
		1E88AEA2221369C5008EC4C9 /* PromiseKit.framework */ = {isa = PBXFileReference; lastKnownFileType = wrapper.framework; name = PromiseKit.framework; path = Carthage/Build/iOS/PromiseKit.framework; sourceTree = "<group>"; };
		1E88AEA522136B97008EC4C9 /* PhoneNumberKit.framework */ = {isa = PBXFileReference; lastKnownFileType = wrapper.framework; name = PhoneNumberKit.framework; path = Carthage/Build/iOS/PhoneNumberKit.framework; sourceTree = "<group>"; };
		1EA8ABAB22138EDC007ECF6E /* SwiftAdditions.framework */ = {isa = PBXFileReference; lastKnownFileType = wrapper.framework; name = SwiftAdditions.framework; path = Carthage/Build/iOS/SwiftAdditions.framework; sourceTree = "<group>"; };
		1EA8ABAE22138FDE007ECF6E /* KeyboardManager.swift */ = {isa = PBXFileReference; fileEncoding = 4; lastKnownFileType = sourcecode.swift; path = KeyboardManager.swift; sourceTree = "<group>"; };
		1EA8ABB022138FDE007ECF6E /* AppInfo.swift */ = {isa = PBXFileReference; fileEncoding = 4; lastKnownFileType = sourcecode.swift; path = AppInfo.swift; sourceTree = "<group>"; };
		1EA8ABD82213BA67007ECF6E /* SwiftDate.framework */ = {isa = PBXFileReference; lastKnownFileType = wrapper.framework; name = SwiftDate.framework; path = Carthage/Build/iOS/SwiftDate.framework; sourceTree = "<group>"; };
		1EA8ABDA2213BAEF007ECF6E /* DateFormats.swift */ = {isa = PBXFileReference; fileEncoding = 4; lastKnownFileType = sourcecode.swift; path = DateFormats.swift; sourceTree = "<group>"; };
		1EE63A00220D007F00E93E88 /* UIKitAdditions.framework */ = {isa = PBXFileReference; explicitFileType = wrapper.framework; includeInIndex = 0; path = UIKitAdditions.framework; sourceTree = BUILT_PRODUCTS_DIR; };
		1EE63A03220D007F00E93E88 /* UIKitAdditions.h */ = {isa = PBXFileReference; lastKnownFileType = sourcecode.c.h; path = UIKitAdditions.h; sourceTree = "<group>"; };
		1EE63A04220D007F00E93E88 /* Info.plist */ = {isa = PBXFileReference; lastKnownFileType = text.plist.xml; path = Info.plist; sourceTree = "<group>"; };
/* End PBXFileReference section */

/* Begin PBXFrameworksBuildPhase section */
		1EE639FD220D007F00E93E88 /* Frameworks */ = {
			isa = PBXFrameworksBuildPhase;
			buildActionMask = 2147483647;
			files = (
				1EA8ABD92213BA67007ECF6E /* SwiftDate.framework in Frameworks */,
				1EA8ABAC22138EDC007ECF6E /* SwiftAdditions.framework in Frameworks */,
				1E88AEA622136B97008EC4C9 /* PhoneNumberKit.framework in Frameworks */,
				1E88AEA3221369C5008EC4C9 /* DataSource.framework in Frameworks */,
				1E88AEA4221369C5008EC4C9 /* PromiseKit.framework in Frameworks */,
			);
			runOnlyForDeploymentPostprocessing = 0;
		};
/* End PBXFrameworksBuildPhase section */

/* Begin PBXGroup section */
		1E0D8A75221C7E890065B179 /* Animators */ = {
			isa = PBXGroup;
			children = (
				1E0D8A87221C92920065B179 /* Animator.swift */,
				1E0D8A78221C7FE10065B179 /* FadeInOutAnimator.swift */,
				1E0D8A77221C7FE10065B179 /* ScaleInOutAnimator.swift */,
				1E0D8A76221C7FE00065B179 /* SemiModalAnimator.swift */,
				1E0D8A7B221C7FE10065B179 /* SlideInFromBottomAnimator.swift */,
				1E0D8A7A221C7FE10065B179 /* TransitionRightLeftAnimator.swift */,
			);
			path = Animators;
			sourceTree = "<group>";
		};
		1E0D8A86221C91D70065B179 /* Presentation Controllers */ = {
			isa = PBXGroup;
			children = (
				1E0D8A84221C8E4E0065B179 /* SemiModalPresentationController.swift */,
			);
			path = "Presentation Controllers";
			sourceTree = "<group>";
		};
		1E88ADA0221364A5008EC4C9 /* Sources */ = {
			isa = PBXGroup;
			children = (
				1E0D8A86221C91D70065B179 /* Presentation Controllers */,
				1E0D8A75221C7E890065B179 /* Animators */,
				1EA8ABAD22138F38007ECF6E /* Managers */,
				1E88ADA1221364AA008EC4C9 /* Extensions */,
				1E88AE1D221365FF008EC4C9 /* Utils */,
				1E88ADA2221364B1008EC4C9 /* UI */,
			);
			path = Sources;
			sourceTree = "<group>";
		};
		1E88ADA1221364AA008EC4C9 /* Extensions */ = {
			isa = PBXGroup;
			children = (
				1E88AE8822136720008EC4C9 /* UIButton+Extension.swift */,
				1E88AE8222136720008EC4C9 /* UICollectionView+Extension.swift */,
				1E88AE8122136720008EC4C9 /* UIColor+Extension.swift */,
				1E88AE8922136720008EC4C9 /* UIEdgeInsets+Extension.swift */,
				1E88AE8022136720008EC4C9 /* UIFont+Custom.swift */,
				1E88AE7C22136720008EC4C9 /* UIImage+Extension.swift */,
				1E88AE8622136720008EC4C9 /* UIImageView+Extension.swift */,
				1E88AE8422136720008EC4C9 /* UINavigationController+Extension.swift */,
				1E88AE8322136720008EC4C9 /* UIScrollView+Extension.swift */,
				1E88AE8522136720008EC4C9 /* UIStoryboard+Extension.swift */,
				1E88AE8722136720008EC4C9 /* UITableView+Extension.swift */,
				1E88AE8B22136721008EC4C9 /* UITextField+Extension.swift */,
				1E88AE8A22136720008EC4C9 /* UIView+AutoLayout.swift */,
				1E88AE7F22136720008EC4C9 /* UIView+Extension.swift */,
				1E88AE7E22136720008EC4C9 /* UIViewController+Alert.swift */,
				1E88AE7D22136720008EC4C9 /* UIViewController+Present.swift */,
				1E88AE8C22136721008EC4C9 /* UIViewController+Extension.swift */,
				1E88AE9E22136843008EC4C9 /* NSAttributedString+Extension.swift */,
			);
			path = Extensions;
			sourceTree = "<group>";
		};
		1E88ADA2221364B1008EC4C9 /* UI */ = {
			isa = PBXGroup;
			children = (
				1E88AE7B221366F8008EC4C9 /* Form */,
				1E88AE7A221366EB008EC4C9 /* Views */,
				1E88AE79221366E5008EC4C9 /* Toast */,
				1E88AE76221366B1008EC4C9 /* Search */,
				1E88AE752213669E008EC4C9 /* Labels */,
				1E88AE7322136643008EC4C9 /* InputAccessoryView */,
				1E88AE722213662A008EC4C9 /* Buttons */,
				1E88AE712213661E008EC4C9 /* TextFields */,
			);
			path = UI;
			sourceTree = "<group>";
		};
		1E88AE1D221365FF008EC4C9 /* Utils */ = {
			isa = PBXGroup;
			children = (
				1E88AE7422136652008EC4C9 /* Disk */,
				1EA8ABDA2213BAEF007ECF6E /* DateFormats.swift */,
				1E88AE1E221365FF008EC4C9 /* Perform.swift */,
				1E88AE1F221365FF008EC4C9 /* Segue.swift */,
				1E88AE2C2213660F008EC4C9 /* ResourceUtils.swift */,
				1E88AE20221365FF008EC4C9 /* Identifier.swift */,
			);
			path = Utils;
			sourceTree = "<group>";
		};
		1E88AE712213661E008EC4C9 /* TextFields */ = {
			isa = PBXGroup;
			children = (
				1E88AE4222136610008EC4C9 /* TextField.swift */,
				1E88AE78221366C8008EC4C9 /* Phone Number */,
				1E88AE77221366C0008EC4C9 /* Credit Card */,
			);
			path = TextFields;
			sourceTree = "<group>";
		};
		1E88AE722213662A008EC4C9 /* Buttons */ = {
			isa = PBXGroup;
			children = (
				1E88AE4422136610008EC4C9 /* BusyButton.swift */,
				1E88AE2D2213660F008EC4C9 /* Button.swift */,
			);
			path = Buttons;
			sourceTree = "<group>";
		};
		1E88AE7322136643008EC4C9 /* InputAccessoryView */ = {
			isa = PBXGroup;
			children = (
				1E88AE4922136611008EC4C9 /* InputAccessoryView.swift */,
				1E88AE392213660F008EC4C9 /* inputaccessoryview.xcassets */,
				1E88AE262213660F008EC4C9 /* InputAccessoryView.xib */,
			);
			path = InputAccessoryView;
			sourceTree = "<group>";
		};
		1E88AE7422136652008EC4C9 /* Disk */ = {
			isa = PBXGroup;
			children = (
				1E88AE3A2213660F008EC4C9 /* Disk.swift */,
				1E88AE4722136610008EC4C9 /* Disk+Image.swift */,
			);
			path = Disk;
			sourceTree = "<group>";
		};
		1E88AE752213669E008EC4C9 /* Labels */ = {
			isa = PBXGroup;
			children = (
				1E88AE332213660F008EC4C9 /* CountingLabel.swift */,
			);
			path = Labels;
			sourceTree = "<group>";
		};
		1E88AE76221366B1008EC4C9 /* Search */ = {
			isa = PBXGroup;
			children = (
				1E88AE282213660F008EC4C9 /* SearchController.swift */,
				1E88AE4522136610008EC4C9 /* SearchResultsController.swift */,
			);
			path = Search;
			sourceTree = "<group>";
		};
		1E88AE77221366C0008EC4C9 /* Credit Card */ = {
			isa = PBXGroup;
			children = (
				1E88AE2F2213660F008EC4C9 /* creditcard.xcassets */,
				1E88AE342213660F008EC4C9 /* CreditCardFormatter.swift */,
				1E88AE272213660F008EC4C9 /* CreditCardTextField.swift */,
			);
			name = "Credit Card";
			sourceTree = "<group>";
		};
		1E88AE78221366C8008EC4C9 /* Phone Number */ = {
			isa = PBXGroup;
			children = (
				1E88AE2A2213660F008EC4C9 /* PhoneNumberTextField.swift */,
			);
			name = "Phone Number";
			sourceTree = "<group>";
		};
		1E88AE79221366E5008EC4C9 /* Toast */ = {
			isa = PBXGroup;
			children = (
				1E88AE2E2213660F008EC4C9 /* Toast.swift */,
			);
			path = Toast;
			sourceTree = "<group>";
		};
		1E88AE7A221366EB008EC4C9 /* Views */ = {
			isa = PBXGroup;
			children = (
				1E0D8A8E221CA1F70065B179 /* PlayerView.swift */,
				1E88AE382213660F008EC4C9 /* AutoCompleteView.swift */,
				1E88AE312213660F008EC4C9 /* AccordionView.swift */,
				1E88AE242213660F008EC4C9 /* GradientView.swift */,
				1E88AE4622136610008EC4C9 /* ListInputView.swift */,
				1E88AE362213660F008EC4C9 /* MonthYearInputView.swift */,
				1E88AE3E22136610008EC4C9 /* NibLoadedView.swift */,
			);
			path = Views;
			sourceTree = "<group>";
		};
		1E88AE7B221366F8008EC4C9 /* Form */ = {
			isa = PBXGroup;
			children = (
				1E88AE352213660F008EC4C9 /* FormViewController.swift */,
			);
			path = Form;
			sourceTree = "<group>";
		};
		1E88AEA0221369C5008EC4C9 /* Frameworks */ = {
			isa = PBXGroup;
			children = (
				1EA8ABD82213BA67007ECF6E /* SwiftDate.framework */,
				1EA8ABAB22138EDC007ECF6E /* SwiftAdditions.framework */,
				1E88AEA522136B97008EC4C9 /* PhoneNumberKit.framework */,
				1E88AEA1221369C5008EC4C9 /* DataSource.framework */,
				1E88AEA2221369C5008EC4C9 /* PromiseKit.framework */,
			);
			name = Frameworks;
			sourceTree = "<group>";
		};
		1EA8ABAD22138F38007ECF6E /* Managers */ = {
			isa = PBXGroup;
			children = (
				1EA8ABB022138FDE007ECF6E /* AppInfo.swift */,
				1EA8ABAE22138FDE007ECF6E /* KeyboardManager.swift */,
			);
			path = Managers;
			sourceTree = "<group>";
		};
		1EE639F6220D007F00E93E88 = {
			isa = PBXGroup;
			children = (
				1EE63A02220D007F00E93E88 /* UIKitAdditions */,
				1EE63A01220D007F00E93E88 /* Products */,
				1E88AEA0221369C5008EC4C9 /* Frameworks */,
			);
			sourceTree = "<group>";
		};
		1EE63A01220D007F00E93E88 /* Products */ = {
			isa = PBXGroup;
			children = (
				1EE63A00220D007F00E93E88 /* UIKitAdditions.framework */,
			);
			name = Products;
			sourceTree = "<group>";
		};
		1EE63A02220D007F00E93E88 /* UIKitAdditions */ = {
			isa = PBXGroup;
			children = (
				1E88ADA0221364A5008EC4C9 /* Sources */,
				1EE63A03220D007F00E93E88 /* UIKitAdditions.h */,
				1EE63A04220D007F00E93E88 /* Info.plist */,
			);
			path = UIKitAdditions;
			sourceTree = "<group>";
		};
/* End PBXGroup section */

/* Begin PBXHeadersBuildPhase section */
		1EE639FB220D007F00E93E88 /* Headers */ = {
			isa = PBXHeadersBuildPhase;
			buildActionMask = 2147483647;
			files = (
				1EE63A11220D007F00E93E88 /* UIKitAdditions.h in Headers */,
				1EA40CF1221B0F3800550914 /* UIView+Extension.swift in Headers */,
				1E023698221E1A910060983A /* FormViewController.swift in Headers */,
				1E023699221E1AB80060983A /* InputAccessoryView.swift in Headers */,
				1E02369A221E1D740060983A /* TextField.swift in Headers */,
				1E02369B221E1D740060983A /* PhoneNumberTextField.swift in Headers */,
				1E02369C221E1D740060983A /* CreditCardTextField.swift in Headers */,
				1E0D8A45221B12090065B179 /* Button.swift in Headers */,
				1E0236A0221E1DD40060983A /* PlayerView.swift in Headers */,
				1E0236A1221E1DD40060983A /* AutoCompleteView.swift in Headers */,
				1E0236A2221E1DD40060983A /* AccordionView.swift in Headers */,
				1E0236A3221E1DD40060983A /* GradientView.swift in Headers */,
				1E0236A4221E1DD40060983A /* ListInputView.swift in Headers */,
				1E0236A5221E1DD40060983A /* MonthYearInputView.swift in Headers */,
				1E0236A6221E1DD40060983A /* Toast.swift in Headers */,
				1E02369F221E1DB60060983A /* CountingLabel.swift in Headers */,
				1E02369E221E1DAD0060983A /* NibLoadedView.swift in Headers */,
				1E0236A7221E227F0060983A /* UIViewController+Extension.swift in Headers */,
				1E0D8A95221F232C0065B179 /* UIImageView+Extension.swift in Headers */,
				1E02369D221E1DA40060983A /* BusyButton.swift in Headers */,
			);
			runOnlyForDeploymentPostprocessing = 0;
		};
/* End PBXHeadersBuildPhase section */

/* Begin PBXNativeTarget section */
		1EE639FF220D007F00E93E88 /* UIKitAdditions */ = {
			isa = PBXNativeTarget;
			buildConfigurationList = 1EE63A14220D007F00E93E88 /* Build configuration list for PBXNativeTarget "UIKitAdditions" */;
			buildPhases = (
				1EE639FB220D007F00E93E88 /* Headers */,
				1EE639FC220D007F00E93E88 /* Sources */,
				1EE639FD220D007F00E93E88 /* Frameworks */,
				1EE639FE220D007F00E93E88 /* Resources */,
			);
			buildRules = (
			);
			dependencies = (
			);
			name = UIKitAdditions;
			productName = UIKitAdditions;
			productReference = 1EE63A00220D007F00E93E88 /* UIKitAdditions.framework */;
			productType = "com.apple.product-type.framework";
		};
/* End PBXNativeTarget section */

/* Begin PBXProject section */
		1EE639F7220D007F00E93E88 /* Project object */ = {
			isa = PBXProject;
			attributes = {
				LastSwiftUpdateCheck = 1010;
				LastUpgradeCheck = 1010;
				ORGANIZATIONNAME = "Prince Ugwuh";
				TargetAttributes = {
					1EE639FF220D007F00E93E88 = {
						CreatedOnToolsVersion = 10.1;
					};
				};
			};
			buildConfigurationList = 1EE639FA220D007F00E93E88 /* Build configuration list for PBXProject "UIKitAdditions" */;
			compatibilityVersion = "Xcode 9.3";
			developmentRegion = en;
			hasScannedForEncodings = 0;
			knownRegions = (
				en,
			);
			mainGroup = 1EE639F6220D007F00E93E88;
			productRefGroup = 1EE63A01220D007F00E93E88 /* Products */;
			projectDirPath = "";
			projectRoot = "";
			targets = (
				1EE639FF220D007F00E93E88 /* UIKitAdditions */,
			);
		};
/* End PBXProject section */

/* Begin PBXResourcesBuildPhase section */
		1EE639FE220D007F00E93E88 /* Resources */ = {
			isa = PBXResourcesBuildPhase;
			buildActionMask = 2147483647;
			files = (
				1E88AE5522136611008EC4C9 /* creditcard.xcassets in Resources */,
				1E88AE5F22136611008EC4C9 /* inputaccessoryview.xcassets in Resources */,
				1E88AE4C22136611008EC4C9 /* InputAccessoryView.xib in Resources */,
			);
			runOnlyForDeploymentPostprocessing = 0;
		};
/* End PBXResourcesBuildPhase section */

/* Begin PBXSourcesBuildPhase section */
		1EE639FC220D007F00E93E88 /* Sources */ = {
			isa = PBXSourcesBuildPhase;
			buildActionMask = 2147483647;
			files = (
				1E88AE5E22136611008EC4C9 /* AutoCompleteView.swift in Sources */,
				1E0D8A8F221CA1F70065B179 /* PlayerView.swift in Sources */,
				1E88AE5422136611008EC4C9 /* Toast.swift in Sources */,
				1E88AE9522136721008EC4C9 /* UINavigationController+Extension.swift in Sources */,
				1E88AE4D22136611008EC4C9 /* CreditCardTextField.swift in Sources */,
				1E88AE6822136611008EC4C9 /* TextField.swift in Sources */,
				1E88AE9322136721008EC4C9 /* UICollectionView+Extension.swift in Sources */,
				1E88AE21221365FF008EC4C9 /* Perform.swift in Sources */,
				1E88AE9B22136721008EC4C9 /* UIView+AutoLayout.swift in Sources */,
				1E88AE5B22136611008EC4C9 /* FormViewController.swift in Sources */,
				1E88AE9422136721008EC4C9 /* UIScrollView+Extension.swift in Sources */,
				1E88AE6022136611008EC4C9 /* Disk.swift in Sources */,
				1E88AE5022136611008EC4C9 /* PhoneNumberTextField.swift in Sources */,
				1E88AE9822136721008EC4C9 /* UITableView+Extension.swift in Sources */,
				1E88AE6C22136611008EC4C9 /* ListInputView.swift in Sources */,
				1E88AE9222136721008EC4C9 /* UIColor+Extension.swift in Sources */,
				1E88AE5C22136611008EC4C9 /* MonthYearInputView.swift in Sources */,
				1E88AE6B22136611008EC4C9 /* SearchResultsController.swift in Sources */,
				1EA8ABC222138FDE007ECF6E /* KeyboardManager.swift in Sources */,
				1E88AE6A22136611008EC4C9 /* BusyButton.swift in Sources */,
				1E88AE5222136611008EC4C9 /* ResourceUtils.swift in Sources */,
				1E0D8A88221C92920065B179 /* Animator.swift in Sources */,
				1E0D8A7D221C7FE10065B179 /* SemiModalAnimator.swift in Sources */,
				1E88AE9C22136721008EC4C9 /* UITextField+Extension.swift in Sources */,
				1E88AE9A22136721008EC4C9 /* UIEdgeInsets+Extension.swift in Sources */,
				1E88AE4E22136611008EC4C9 /* SearchController.swift in Sources */,
				1E88AE6D22136611008EC4C9 /* Disk+Image.swift in Sources */,
				1E88AE6422136611008EC4C9 /* NibLoadedView.swift in Sources */,
				1EA8ABC422138FDE007ECF6E /* AppInfo.swift in Sources */,
				1E88AE9922136721008EC4C9 /* UIButton+Extension.swift in Sources */,
				1E88AE5322136611008EC4C9 /* Button.swift in Sources */,
				1E88AE8D22136721008EC4C9 /* UIImage+Extension.swift in Sources */,
				1E88AE9F22136843008EC4C9 /* NSAttributedString+Extension.swift in Sources */,
				1E88AE9D22136721008EC4C9 /* UIViewController+Extension.swift in Sources */,
				1E88AE8F22136721008EC4C9 /* UIViewController+Alert.swift in Sources */,
				1E0D8A82221C7FE10065B179 /* SlideInFromBottomAnimator.swift in Sources */,
				1E88AE8E22136721008EC4C9 /* UIViewController+Present.swift in Sources */,
				1E0D8A81221C7FE10065B179 /* TransitionRightLeftAnimator.swift in Sources */,
				1E88AE23221365FF008EC4C9 /* Identifier.swift in Sources */,
				1E88AE6F22136611008EC4C9 /* InputAccessoryView.swift in Sources */,
				1E88AE9622136721008EC4C9 /* UIStoryboard+Extension.swift in Sources */,
				1EA8ABDB2213BAEF007ECF6E /* DateFormats.swift in Sources */,
				1E88AE9022136721008EC4C9 /* UIView+Extension.swift in Sources */,
				1E88AE4A22136611008EC4C9 /* GradientView.swift in Sources */,
				1E0D8A85221C8E4E0065B179 /* SemiModalPresentationController.swift in Sources */,
				1E88AE5722136611008EC4C9 /* AccordionView.swift in Sources */,
				1E88AE9722136721008EC4C9 /* UIImageView+Extension.swift in Sources */,
				1E88AE22221365FF008EC4C9 /* Segue.swift in Sources */,
				1E88AE5922136611008EC4C9 /* CountingLabel.swift in Sources */,
				1E0D8A7F221C7FE10065B179 /* FadeInOutAnimator.swift in Sources */,
				1E88AE9122136721008EC4C9 /* UIFont+Custom.swift in Sources */,
				1E0D8A7E221C7FE10065B179 /* ScaleInOutAnimator.swift in Sources */,
				1E88AE5A22136611008EC4C9 /* CreditCardFormatter.swift in Sources */,
			);
			runOnlyForDeploymentPostprocessing = 0;
		};
/* End PBXSourcesBuildPhase section */

/* Begin XCBuildConfiguration section */
		1EE63A12220D007F00E93E88 /* Debug */ = {
			isa = XCBuildConfiguration;
			buildSettings = {
				ALWAYS_SEARCH_USER_PATHS = NO;
				CLANG_ANALYZER_NONNULL = YES;
				CLANG_ANALYZER_NUMBER_OBJECT_CONVERSION = YES_AGGRESSIVE;
				CLANG_CXX_LANGUAGE_STANDARD = "gnu++14";
				CLANG_CXX_LIBRARY = "libc++";
				CLANG_ENABLE_MODULES = YES;
				CLANG_ENABLE_OBJC_ARC = YES;
				CLANG_ENABLE_OBJC_WEAK = YES;
				CLANG_WARN_BLOCK_CAPTURE_AUTORELEASING = YES;
				CLANG_WARN_BOOL_CONVERSION = YES;
				CLANG_WARN_COMMA = YES;
				CLANG_WARN_CONSTANT_CONVERSION = YES;
				CLANG_WARN_DEPRECATED_OBJC_IMPLEMENTATIONS = YES;
				CLANG_WARN_DIRECT_OBJC_ISA_USAGE = YES_ERROR;
				CLANG_WARN_DOCUMENTATION_COMMENTS = YES;
				CLANG_WARN_EMPTY_BODY = YES;
				CLANG_WARN_ENUM_CONVERSION = YES;
				CLANG_WARN_INFINITE_RECURSION = YES;
				CLANG_WARN_INT_CONVERSION = YES;
				CLANG_WARN_NON_LITERAL_NULL_CONVERSION = YES;
				CLANG_WARN_OBJC_IMPLICIT_RETAIN_SELF = YES;
				CLANG_WARN_OBJC_LITERAL_CONVERSION = YES;
				CLANG_WARN_OBJC_ROOT_CLASS = YES_ERROR;
				CLANG_WARN_RANGE_LOOP_ANALYSIS = YES;
				CLANG_WARN_STRICT_PROTOTYPES = YES;
				CLANG_WARN_SUSPICIOUS_MOVE = YES;
				CLANG_WARN_UNGUARDED_AVAILABILITY = YES_AGGRESSIVE;
				CLANG_WARN_UNREACHABLE_CODE = YES;
				CLANG_WARN__DUPLICATE_METHOD_MATCH = YES;
				CODE_SIGN_IDENTITY = "iPhone Developer";
				COPY_PHASE_STRIP = NO;
				CURRENT_PROJECT_VERSION = 1;
				DEBUG_INFORMATION_FORMAT = dwarf;
				ENABLE_STRICT_OBJC_MSGSEND = YES;
				ENABLE_TESTABILITY = YES;
				GCC_C_LANGUAGE_STANDARD = gnu11;
				GCC_DYNAMIC_NO_PIC = NO;
				GCC_NO_COMMON_BLOCKS = YES;
				GCC_OPTIMIZATION_LEVEL = 0;
				GCC_PREPROCESSOR_DEFINITIONS = (
					"DEBUG=1",
					"$(inherited)",
				);
				GCC_WARN_64_TO_32_BIT_CONVERSION = YES;
				GCC_WARN_ABOUT_RETURN_TYPE = YES_ERROR;
				GCC_WARN_UNDECLARED_SELECTOR = YES;
				GCC_WARN_UNINITIALIZED_AUTOS = YES_AGGRESSIVE;
				GCC_WARN_UNUSED_FUNCTION = YES;
				GCC_WARN_UNUSED_VARIABLE = YES;
				IPHONEOS_DEPLOYMENT_TARGET = 12.1;
				MTL_ENABLE_DEBUG_INFO = INCLUDE_SOURCE;
				MTL_FAST_MATH = YES;
				ONLY_ACTIVE_ARCH = YES;
				SDKROOT = iphoneos;
				SWIFT_ACTIVE_COMPILATION_CONDITIONS = DEBUG;
				SWIFT_OPTIMIZATION_LEVEL = "-Onone";
				VERSIONING_SYSTEM = "apple-generic";
				VERSION_INFO_PREFIX = "";
			};
			name = Debug;
		};
		1EE63A13220D007F00E93E88 /* Release */ = {
			isa = XCBuildConfiguration;
			buildSettings = {
				ALWAYS_SEARCH_USER_PATHS = NO;
				CLANG_ANALYZER_NONNULL = YES;
				CLANG_ANALYZER_NUMBER_OBJECT_CONVERSION = YES_AGGRESSIVE;
				CLANG_CXX_LANGUAGE_STANDARD = "gnu++14";
				CLANG_CXX_LIBRARY = "libc++";
				CLANG_ENABLE_MODULES = YES;
				CLANG_ENABLE_OBJC_ARC = YES;
				CLANG_ENABLE_OBJC_WEAK = YES;
				CLANG_WARN_BLOCK_CAPTURE_AUTORELEASING = YES;
				CLANG_WARN_BOOL_CONVERSION = YES;
				CLANG_WARN_COMMA = YES;
				CLANG_WARN_CONSTANT_CONVERSION = YES;
				CLANG_WARN_DEPRECATED_OBJC_IMPLEMENTATIONS = YES;
				CLANG_WARN_DIRECT_OBJC_ISA_USAGE = YES_ERROR;
				CLANG_WARN_DOCUMENTATION_COMMENTS = YES;
				CLANG_WARN_EMPTY_BODY = YES;
				CLANG_WARN_ENUM_CONVERSION = YES;
				CLANG_WARN_INFINITE_RECURSION = YES;
				CLANG_WARN_INT_CONVERSION = YES;
				CLANG_WARN_NON_LITERAL_NULL_CONVERSION = YES;
				CLANG_WARN_OBJC_IMPLICIT_RETAIN_SELF = YES;
				CLANG_WARN_OBJC_LITERAL_CONVERSION = YES;
				CLANG_WARN_OBJC_ROOT_CLASS = YES_ERROR;
				CLANG_WARN_RANGE_LOOP_ANALYSIS = YES;
				CLANG_WARN_STRICT_PROTOTYPES = YES;
				CLANG_WARN_SUSPICIOUS_MOVE = YES;
				CLANG_WARN_UNGUARDED_AVAILABILITY = YES_AGGRESSIVE;
				CLANG_WARN_UNREACHABLE_CODE = YES;
				CLANG_WARN__DUPLICATE_METHOD_MATCH = YES;
				CODE_SIGN_IDENTITY = "iPhone Developer";
				COPY_PHASE_STRIP = NO;
				CURRENT_PROJECT_VERSION = 1;
				DEBUG_INFORMATION_FORMAT = "dwarf-with-dsym";
				ENABLE_NS_ASSERTIONS = NO;
				ENABLE_STRICT_OBJC_MSGSEND = YES;
				GCC_C_LANGUAGE_STANDARD = gnu11;
				GCC_NO_COMMON_BLOCKS = YES;
				GCC_WARN_64_TO_32_BIT_CONVERSION = YES;
				GCC_WARN_ABOUT_RETURN_TYPE = YES_ERROR;
				GCC_WARN_UNDECLARED_SELECTOR = YES;
				GCC_WARN_UNINITIALIZED_AUTOS = YES_AGGRESSIVE;
				GCC_WARN_UNUSED_FUNCTION = YES;
				GCC_WARN_UNUSED_VARIABLE = YES;
				IPHONEOS_DEPLOYMENT_TARGET = 12.1;
				MTL_ENABLE_DEBUG_INFO = NO;
				MTL_FAST_MATH = YES;
				SDKROOT = iphoneos;
				SWIFT_COMPILATION_MODE = wholemodule;
				SWIFT_OPTIMIZATION_LEVEL = "-O";
				VALIDATE_PRODUCT = YES;
				VERSIONING_SYSTEM = "apple-generic";
				VERSION_INFO_PREFIX = "";
			};
			name = Release;
		};
		1EE63A15220D007F00E93E88 /* Debug */ = {
			isa = XCBuildConfiguration;
			buildSettings = {
				CODE_SIGN_IDENTITY = "";
				CODE_SIGN_STYLE = Automatic;
				DEFINES_MODULE = YES;
				DEVELOPMENT_TEAM = P7LU4G83GL;
				DYLIB_COMPATIBILITY_VERSION = 1;
				DYLIB_CURRENT_VERSION = 1;
				DYLIB_INSTALL_NAME_BASE = "@rpath";
				FRAMEWORK_SEARCH_PATHS = (
					"$(inherited)",
					"$(PROJECT_DIR)/Carthage/Build/iOS",
				);
				INFOPLIST_FILE = UIKitAdditions/Info.plist;
				INSTALL_PATH = "$(LOCAL_LIBRARY_DIR)/Frameworks";
				LD_RUNPATH_SEARCH_PATHS = (
					"$(inherited)",
					"@executable_path/Frameworks",
					"@loader_path/Frameworks",
				);
				PRODUCT_BUNDLE_IDENTIFIER = com.prince2k3.UIKitAdditions;
				PRODUCT_NAME = "$(TARGET_NAME:c99extidentifier)";
				SKIP_INSTALL = YES;
				SWIFT_VERSION = 4.2;
				TARGETED_DEVICE_FAMILY = "1,2";
			};
			name = Debug;
		};
		1EE63A16220D007F00E93E88 /* Release */ = {
			isa = XCBuildConfiguration;
			buildSettings = {
				CODE_SIGN_IDENTITY = "";
				CODE_SIGN_STYLE = Automatic;
				DEFINES_MODULE = YES;
				DEVELOPMENT_TEAM = P7LU4G83GL;
				DYLIB_COMPATIBILITY_VERSION = 1;
				DYLIB_CURRENT_VERSION = 1;
				DYLIB_INSTALL_NAME_BASE = "@rpath";
				FRAMEWORK_SEARCH_PATHS = (
					"$(inherited)",
					"$(PROJECT_DIR)/Carthage/Build/iOS",
				);
				INFOPLIST_FILE = UIKitAdditions/Info.plist;
				INSTALL_PATH = "$(LOCAL_LIBRARY_DIR)/Frameworks";
				LD_RUNPATH_SEARCH_PATHS = (
					"$(inherited)",
					"@executable_path/Frameworks",
					"@loader_path/Frameworks",
				);
				PRODUCT_BUNDLE_IDENTIFIER = com.prince2k3.UIKitAdditions;
				PRODUCT_NAME = "$(TARGET_NAME:c99extidentifier)";
				SKIP_INSTALL = YES;
				SWIFT_VERSION = 4.2;
				TARGETED_DEVICE_FAMILY = "1,2";
			};
			name = Release;
		};
/* End XCBuildConfiguration section */

/* Begin XCConfigurationList section */
		1EE639FA220D007F00E93E88 /* Build configuration list for PBXProject "UIKitAdditions" */ = {
			isa = XCConfigurationList;
			buildConfigurations = (
				1EE63A12220D007F00E93E88 /* Debug */,
				1EE63A13220D007F00E93E88 /* Release */,
			);
			defaultConfigurationIsVisible = 0;
			defaultConfigurationName = Release;
		};
		1EE63A14220D007F00E93E88 /* Build configuration list for PBXNativeTarget "UIKitAdditions" */ = {
			isa = XCConfigurationList;
			buildConfigurations = (
				1EE63A15220D007F00E93E88 /* Debug */,
				1EE63A16220D007F00E93E88 /* Release */,
			);
			defaultConfigurationIsVisible = 0;
			defaultConfigurationName = Release;
		};
/* End XCConfigurationList section */
	};
	rootObject = 1EE639F7220D007F00E93E88 /* Project object */;
}
